
Microsoft Visual Studio Solution File, Format Version 12.00
# Visual Studio Version 17
VisualStudioVersion = 17.13.35931.197 d17.13
MinimumVisualStudioVersion = 10.0.40219.1
Project("{FAE04EC0-301F-11D3-BF4B-00C04F79EFBC}") = "AzureFunctionWeb", "AzureFunctionWeb\AzureFunctionWeb.csproj", "{287105B5-EE31-42BB-86D8-BB1CDF24EB24}"
EndProject
Project("{FAE04EC0-301F-11D3-BF4B-00C04F79EFBC}") = "JobAppFunction", "JobAppFunction\JobAppFunction.csproj", "{8D99FC2A-4B80-4CD0-B264-591B4AD147EB}"
EndProject
Global
	GlobalSection(SolutionConfigurationPlatforms) = preSolution
		Debug|Any CPU = Debug|Any CPU
		Release|Any CPU = Release|Any CPU
	EndGlobalSection
	GlobalSection(ProjectConfigurationPlatforms) = postSolution
		{287105B5-EE31-42BB-86D8-BB1CDF24EB24}.Debug|Any CPU.ActiveCfg = Debug|Any CPU
		{287105B5-EE31-42BB-86D8-BB1CDF24EB24}.Debug|Any CPU.Build.0 = Debug|Any CPU
		{287105B5-EE31-42BB-86D8-BB1CDF24EB24}.Release|Any CPU.ActiveCfg = Release|Any CPU
		{287105B5-EE31-42BB-86D8-BB1CDF24EB24}.Release|Any CPU.Build.0 = Release|Any CPU
		{8D99FC2A-4B80-4CD0-B264-591B4AD147EB}.Debug|Any CPU.ActiveCfg = Debug|Any CPU
		{8D99FC2A-4B80-4CD0-B264-591B4AD147EB}.Debug|Any CPU.Build.0 = Debug|Any CPU
		{8D99FC2A-4B80-4CD0-B264-591B4AD147EB}.Release|Any CPU.ActiveCfg = Release|Any CPU
		{8D99FC2A-4B80-4CD0-B264-591B4AD147EB}.Release|Any CPU.Build.0 = Release|Any CPU
	EndGlobalSection
	GlobalSection(SolutionProperties) = preSolution
		HideSolutionNode = FALSE
	EndGlobalSection
	GlobalSection(ExtensibilityGlobals) = postSolution
		SolutionGuid = {10C2C32D-0B01-4A93-B1EF-5A472D868AD4}
	EndGlobalSection
EndGlobal
